
Microsoft Visual Studio Solution File, Format Version 12.00
# Visual Studio Version 16
VisualStudioVersion = 16.0.30413.136
MinimumVisualStudioVersion = 10.0.40219.1
Project("{9A19103F-16F7-4668-BE54-9A1E7A4F7556}") = "HelloWorld", "HelloWorld\HelloWorld.csproj", "{3011760B-D1B1-41B6-9131-DD5B9AA53B1A}"
EndProject
Project("{FAE04EC0-301F-11D3-BF4B-00C04F79EFBC}") = "HelloWorld2", "HelloWorld2\HelloWorld2.csproj", "{B5F7A26D-0E9A-4622-8F71-032CCE5AFE88}"
EndProject
Global
	GlobalSection(SolutionConfigurationPlatforms) = preSolution
		Debug|Any CPU = Debug|Any CPU
		Release|Any CPU = Release|Any CPU
	EndGlobalSection
	GlobalSection(ProjectConfigurationPlatforms) = postSolution
		{3011760B-D1B1-41B6-9131-DD5B9AA53B1A}.Debug|Any CPU.ActiveCfg = Debug|Any CPU
		{3011760B-D1B1-41B6-9131-DD5B9AA53B1A}.Debug|Any CPU.Build.0 = Debug|Any CPU
		{3011760B-D1B1-41B6-9131-DD5B9AA53B1A}.Release|Any CPU.ActiveCfg = Release|Any CPU
		{3011760B-D1B1-41B6-9131-DD5B9AA53B1A}.Release|Any CPU.Build.0 = Release|Any CPU
		{B5F7A26D-0E9A-4622-8F71-032CCE5AFE88}.Debug|Any CPU.ActiveCfg = Debug|Any CPU
		{B5F7A26D-0E9A-4622-8F71-032CCE5AFE88}.Debug|Any CPU.Build.0 = Debug|Any CPU
		{B5F7A26D-0E9A-4622-8F71-032CCE5AFE88}.Release|Any CPU.ActiveCfg = Release|Any CPU
		{B5F7A26D-0E9A-4622-8F71-032CCE5AFE88}.Release|Any CPU.Build.0 = Release|Any CPU
	EndGlobalSection
	GlobalSection(SolutionProperties) = preSolution
		HideSolutionNode = FALSE
	EndGlobalSection
	GlobalSection(ExtensibilityGlobals) = postSolution
		SolutionGuid = {7CC5A8EA-2B4A-445F-9D5C-04E5E12A299D}
	EndGlobalSection
EndGlobal
